github.com/atotto/clipboard v0.1.2 h1:YZCtFu5Ie8qX2VmVTBnrqLSiU9XOWwqNRmdT3gIQzbY=
github.com/atotto/clipboard v0.1.2/go.mod h1:ZY9tmq7sm5xIbd9bOK4onWV4S6X0u6GY7Vn0Yu86PYI=
github.com/boombuler/barcode v1.0.0/go.mod h1:paBWMcWSl3LHKBqUq+rly7CNSldXjb2rDl3JlRe0mD8=
github.com/davecgh/go-spew v1.1.0/go.mod h1:J7Y8YcW2NihsgmVo/mv3lAwl/skON4iLHjSsI+c5H38=
github.com/innermond/packong v0.0.0-20190617215557-07f75f1112f5 h1:pGLkIWRN2LKf3JGV9MuSvllOQzwtzxN5ozd24R6rEJ8=
github.com/innermond/packong v0.0.0-20190617215557-07f75f1112f5/go.mod h1:EZKDQLA27bY9w+0vs9mvAkuY1DfOHFPyybI+jhvJItc=
github.com/innermond/pak v0.0.0-20190410062905-c33eb38e4a90 h1:URQVeocHUDOWVQH2hCPcOQtNrmgQjTNnk9xQvUKTl48=
github.com/innermond/pak v0.0.0-20190410062905-c33eb38e4a90/go.mod h1:mYAAt85ei8wJivStBfEf8Ywxl6YpZ+YOGyveGBn40bo=
github.com/jung-kurt/gofpdf v1.0.0/go.mod h1:7Id9E/uU8ce6rXgefFLlgrJj/GYY22cpxn+r32jIOes=
github.com/jung-kurt/gofpdf v1.5.0 h1:+RFVN/O0XVNtd55L9jWYZcl/IR9JDFJYtF7fwQ5aM3g=
github.com/jung-kurt/gofpdf v1.5.0/go.mod h1:rZsO0wEsunjT/L9stF3fJjYbAHgqNYuQB4B8FWvBck0=
github.com/phpdave11/gofpdi v1.0.4 h1:V4LY9kzQEVIQJSk/VrdqJUBmhL0XjxwN9x1h+K4vdZI=
github.com/phpdave11/gofpdi v1.0.4/go.mod h1:B7ryN7q4MLItB8BDM5PJAplblJegAAcaI98viOZUihg=
github.com/pkg/errors v0.8.1 h1:iURUrRGxPUNPdy5/HRSm+Yj6okJ6UtLINN0Q9M4+h3I=
github.com/pkg/errors v0.8.1/go.mod h1:bwawxfHBFNV+L2hUp1rHADufV3IMtnDRdf1r5NINEl0=
github.com/pmezard/go-difflib v1.0.0/go.mod h1:iKH77koFhYxTK1pcRnkKkqfTogsbg7gZNVY4sRDYZ/4=
github.com/ruudk/golang-pdf417 v0.0.0-20181029194003-1af4ab5afa58/go.mod h1:6lfFZQK844Gfx8o5WFuvpxWRwnSoipWe/p622j1v06w=
github.com/signintech/gopdf v0.9.1 h1:+lGkICPWQobTA7+I80z52gUHUgtc1/RYKa+nhPcSV1Y=
github.com/signintech/gopdf v0.9.1/go.mod h1:qAvaomt5ROc/Z2zWrEMm64J0238bPhtkpbtlv1WZjtQ=
github.com/stretchr/testify v1.2.2/go.mod h1:a8OnRcib4nhh0OaRAV+Yts87kKdq0PP7pXfy6kDkUVs=
golang.org/x/image v0.0.0-20190507092727-e4e5bf290fec/go.mod h1:kZ7UVZpmo3dzQBMxlp+ypCbDeSB+sBbTgSJuh5dn5js=
golang.org/x/text v0.3.0/go.mod h1:NqM8EUOU14njkJ3fqMW+pc6Ldnwhi/IjpwHt7yyuwOQ=
rsc.io/pdf v0.1.1 h1:k1MczvYDUvJBe93bYd7wrZLLUEcLZAuF824/I4e5Xr4=
rsc.io/pdf v0.1.1/go.mod h1:n8OzWcQ6Sp37PL01nO98y4iUCRdTGarVfzxY20ICaU4=
